
Microsoft Visual Studio Solution File, Format Version 12.00
# Visual Studio 15
VisualStudioVersion = 15.0.26124.0
MinimumVisualStudioVersion = 15.0.26124.0
Project("{F2A71F9B-5D33-465A-A702-920D77279786}") = "PrayerTimes", "PrayerTimes.fsproj", "{64800A45-82A8-4C43-A74B-8C99AC3E23FC}"
EndProject
Project("{F2A71F9B-5D33-465A-A702-920D77279786}") = "tests", "tests\tests.fsproj", "{E4035AC7-A0D8-4840-8724-D5AC027CA2B1}"
EndProject
Global
	GlobalSection(SolutionConfigurationPlatforms) = preSolution
		Debug|Any CPU = Debug|Any CPU
		Debug|x64 = Debug|x64
		Debug|x86 = Debug|x86
		Release|Any CPU = Release|Any CPU
		Release|x64 = Release|x64
		Release|x86 = Release|x86
	EndGlobalSection
	GlobalSection(SolutionProperties) = preSolution
		HideSolutionNode = FALSE
	EndGlobalSection
	GlobalSection(ProjectConfigurationPlatforms) = postSolution
		{64800A45-82A8-4C43-A74B-8C99AC3E23FC}.Debug|Any CPU.ActiveCfg = Debug|Any CPU
		{64800A45-82A8-4C43-A74B-8C99AC3E23FC}.Debug|Any CPU.Build.0 = Debug|Any CPU
		{64800A45-82A8-4C43-A74B-8C99AC3E23FC}.Debug|x64.ActiveCfg = Debug|Any CPU
		{64800A45-82A8-4C43-A74B-8C99AC3E23FC}.Debug|x64.Build.0 = Debug|Any CPU
		{64800A45-82A8-4C43-A74B-8C99AC3E23FC}.Debug|x86.ActiveCfg = Debug|Any CPU
		{64800A45-82A8-4C43-A74B-8C99AC3E23FC}.Debug|x86.Build.0 = Debug|Any CPU
		{64800A45-82A8-4C43-A74B-8C99AC3E23FC}.Release|Any CPU.ActiveCfg = Release|Any CPU
		{64800A45-82A8-4C43-A74B-8C99AC3E23FC}.Release|Any CPU.Build.0 = Release|Any CPU
		{64800A45-82A8-4C43-A74B-8C99AC3E23FC}.Release|x64.ActiveCfg = Release|Any CPU
		{64800A45-82A8-4C43-A74B-8C99AC3E23FC}.Release|x64.Build.0 = Release|Any CPU
		{64800A45-82A8-4C43-A74B-8C99AC3E23FC}.Release|x86.ActiveCfg = Release|Any CPU
		{64800A45-82A8-4C43-A74B-8C99AC3E23FC}.Release|x86.Build.0 = Release|Any CPU
		{E4035AC7-A0D8-4840-8724-D5AC027CA2B1}.Debug|Any CPU.ActiveCfg = Debug|Any CPU
		{E4035AC7-A0D8-4840-8724-D5AC027CA2B1}.Debug|Any CPU.Build.0 = Debug|Any CPU
		{E4035AC7-A0D8-4840-8724-D5AC027CA2B1}.Debug|x64.ActiveCfg = Debug|Any CPU
		{E4035AC7-A0D8-4840-8724-D5AC027CA2B1}.Debug|x64.Build.0 = Debug|Any CPU
		{E4035AC7-A0D8-4840-8724-D5AC027CA2B1}.Debug|x86.ActiveCfg = Debug|Any CPU
		{E4035AC7-A0D8-4840-8724-D5AC027CA2B1}.Debug|x86.Build.0 = Debug|Any CPU
		{E4035AC7-A0D8-4840-8724-D5AC027CA2B1}.Release|Any CPU.ActiveCfg = Release|Any CPU
		{E4035AC7-A0D8-4840-8724-D5AC027CA2B1}.Release|Any CPU.Build.0 = Release|Any CPU
		{E4035AC7-A0D8-4840-8724-D5AC027CA2B1}.Release|x64.ActiveCfg = Release|Any CPU
		{E4035AC7-A0D8-4840-8724-D5AC027CA2B1}.Release|x64.Build.0 = Release|Any CPU
		{E4035AC7-A0D8-4840-8724-D5AC027CA2B1}.Release|x86.ActiveCfg = Release|Any CPU
		{E4035AC7-A0D8-4840-8724-D5AC027CA2B1}.Release|x86.Build.0 = Release|Any CPU
	EndGlobalSection
EndGlobal
